
Microsoft Visual Studio Solution File, Format Version 12.00
# Visual Studio Version 16
VisualStudioVersion = 16.0.31019.35
MinimumVisualStudioVersion = 10.0.40219.1
Project("{FAE04EC0-301F-11D3-BF4B-00C04F79EFBC}") = "TUF2000", "TUF2000\TUF2000.csproj", "{AC34359C-B24A-4DC6-ABE7-EE681559BCC6}"
EndProject
Global
	GlobalSection(SolutionConfigurationPlatforms) = preSolution
		Debug|Any CPU = Debug|Any CPU
		Release|Any CPU = Release|Any CPU
	EndGlobalSection
	GlobalSection(ProjectConfigurationPlatforms) = postSolution
		{AC34359C-B24A-4DC6-ABE7-EE681559BCC6}.Debug|Any CPU.ActiveCfg = Debug|Any CPU
		{AC34359C-B24A-4DC6-ABE7-EE681559BCC6}.Debug|Any CPU.Build.0 = Debug|Any CPU
		{AC34359C-B24A-4DC6-ABE7-EE681559BCC6}.Release|Any CPU.ActiveCfg = Release|Any CPU
		{AC34359C-B24A-4DC6-ABE7-EE681559BCC6}.Release|Any CPU.Build.0 = Release|Any CPU
	EndGlobalSection
	GlobalSection(SolutionProperties) = preSolution
		HideSolutionNode = FALSE
	EndGlobalSection
	GlobalSection(ExtensibilityGlobals) = postSolution
		SolutionGuid = {5A675883-3250-499C-B49E-F40520A18555}
	EndGlobalSection
EndGlobal
